// !$*UTF8*$!
{
	archiveVersion = 1;
	classes = {
	};
	objectVersion = 56;
	objects = {

/* Begin PBXBuildFile section */
		EC5D8DD22D11EDC400BD9275 /* Constants.swift in Sources */ = {isa = PBXBuildFile; fileRef = EC5D8DD12D11EDC400BD9275 /* Constants.swift */; };
		EC5D8DD42D11EF3700BD9275 /* FooterNoteView.swift in Sources */ = {isa = PBXBuildFile; fileRef = EC5D8DD32D11EF3700BD9275 /* FooterNoteView.swift */; };
		EC5D8DD62D11F4A500BD9275 /* NavigationBarView.swift in Sources */ = {isa = PBXBuildFile; fileRef = EC5D8DD52D11F4A500BD9275 /* NavigationBarView.swift */; };
		EC7019662D17FF6F00545D62 /* LogoView.swift in Sources */ = {isa = PBXBuildFile; fileRef = EC7019652D17FF6F00545D62 /* LogoView.swift */; };
		EC7019682D18049300545D62 /* PlayerModel.swift in Sources */ = {isa = PBXBuildFile; fileRef = EC7019672D18049300545D62 /* PlayerModel.swift */; };
		EC70196A2D18051400545D62 /* CodableBundleExtension.swift in Sources */ = {isa = PBXBuildFile; fileRef = EC7019692D18051400545D62 /* CodableBundleExtension.swift */; };
		EC8896072D11E6080047D3A8 /* TouchDownApp.swift in Sources */ = {isa = PBXBuildFile; fileRef = EC8896062D11E6080047D3A8 /* TouchDownApp.swift */; };
		EC8896092D11E6080047D3A8 /* ContentView.swift in Sources */ = {isa = PBXBuildFile; fileRef = EC8896082D11E6080047D3A8 /* ContentView.swift */; };
		EC88960B2D11E60F0047D3A8 /* Assets.xcassets in Resources */ = {isa = PBXBuildFile; fileRef = EC88960A2D11E60F0047D3A8 /* Assets.xcassets */; };
		EC88960E2D11E60F0047D3A8 /* Preview Assets.xcassets in Resources */ = {isa = PBXBuildFile; fileRef = EC88960D2D11E60F0047D3A8 /* Preview Assets.xcassets */; };
		EC8896182D11E8DA0047D3A8 /* category.json in Resources */ = {isa = PBXBuildFile; fileRef = EC8896142D11E8DA0047D3A8 /* category.json */; };
		EC8896192D11E8DB0047D3A8 /* player.json in Resources */ = {isa = PBXBuildFile; fileRef = EC8896152D11E8DA0047D3A8 /* player.json */; };
		EC88961A2D11E8DB0047D3A8 /* brand.json in Resources */ = {isa = PBXBuildFile; fileRef = EC8896162D11E8DA0047D3A8 /* brand.json */; };
		EC88961B2D11E8DB0047D3A8 /* product.json in Resources */ = {isa = PBXBuildFile; fileRef = EC8896172D11E8DA0047D3A8 /* product.json */; };
/* End PBXBuildFile section */

/* Begin PBXFileReference section */
		EC5D8DD12D11EDC400BD9275 /* Constants.swift */ = {isa = PBXFileReference; lastKnownFileType = sourcecode.swift; path = Constants.swift; sourceTree = "<group>"; };
		EC5D8DD32D11EF3700BD9275 /* FooterNoteView.swift */ = {isa = PBXFileReference; lastKnownFileType = sourcecode.swift; path = FooterNoteView.swift; sourceTree = "<group>"; };
		EC5D8DD52D11F4A500BD9275 /* NavigationBarView.swift */ = {isa = PBXFileReference; lastKnownFileType = sourcecode.swift; path = NavigationBarView.swift; sourceTree = "<group>"; };
		EC7019652D17FF6F00545D62 /* LogoView.swift */ = {isa = PBXFileReference; lastKnownFileType = sourcecode.swift; path = LogoView.swift; sourceTree = "<group>"; };
		EC7019672D18049300545D62 /* PlayerModel.swift */ = {isa = PBXFileReference; lastKnownFileType = sourcecode.swift; path = PlayerModel.swift; sourceTree = "<group>"; };
		EC7019692D18051400545D62 /* CodableBundleExtension.swift */ = {isa = PBXFileReference; lastKnownFileType = sourcecode.swift; path = CodableBundleExtension.swift; sourceTree = "<group>"; };
		EC8896032D11E6080047D3A8 /* TouchDown.app */ = {isa = PBXFileReference; explicitFileType = wrapper.application; includeInIndex = 0; path = TouchDown.app; sourceTree = BUILT_PRODUCTS_DIR; };
		EC8896062D11E6080047D3A8 /* TouchDownApp.swift */ = {isa = PBXFileReference; lastKnownFileType = sourcecode.swift; path = TouchDownApp.swift; sourceTree = "<group>"; };
		EC8896082D11E6080047D3A8 /* ContentView.swift */ = {isa = PBXFileReference; lastKnownFileType = sourcecode.swift; path = ContentView.swift; sourceTree = "<group>"; };
		EC88960A2D11E60F0047D3A8 /* Assets.xcassets */ = {isa = PBXFileReference; lastKnownFileType = folder.assetcatalog; path = Assets.xcassets; sourceTree = "<group>"; };
		EC88960D2D11E60F0047D3A8 /* Preview Assets.xcassets */ = {isa = PBXFileReference; lastKnownFileType = folder.assetcatalog; path = "Preview Assets.xcassets"; sourceTree = "<group>"; };
		EC8896142D11E8DA0047D3A8 /* category.json */ = {isa = PBXFileReference; fileEncoding = 4; lastKnownFileType = text.json; path = category.json; sourceTree = "<group>"; };
		EC8896152D11E8DA0047D3A8 /* player.json */ = {isa = PBXFileReference; fileEncoding = 4; lastKnownFileType = text.json; path = player.json; sourceTree = "<group>"; };
		EC8896162D11E8DA0047D3A8 /* brand.json */ = {isa = PBXFileReference; fileEncoding = 4; lastKnownFileType = text.json; path = brand.json; sourceTree = "<group>"; };
		EC8896172D11E8DA0047D3A8 /* product.json */ = {isa = PBXFileReference; fileEncoding = 4; lastKnownFileType = text.json; path = product.json; sourceTree = "<group>"; };
		EC88961D2D11E9700047D3A8 /* Info.plist */ = {isa = PBXFileReference; lastKnownFileType = text.plist; path = Info.plist; sourceTree = "<group>"; };
/* End PBXFileReference section */

/* Begin PBXFrameworksBuildPhase section */
		EC8896002D11E6080047D3A8 /* Frameworks */ = {
			isa = PBXFrameworksBuildPhase;
			buildActionMask = 2147483647;
			files = (
			);
			runOnlyForDeploymentPostprocessing = 0;
		};
/* End PBXFrameworksBuildPhase section */

/* Begin PBXGroup section */
		EC8895FA2D11E6080047D3A8 = {
			isa = PBXGroup;
			children = (
				EC8896052D11E6080047D3A8 /* TouchDown */,
				EC8896042D11E6080047D3A8 /* Products */,
			);
			sourceTree = "<group>";
		};
		EC8896042D11E6080047D3A8 /* Products */ = {
			isa = PBXGroup;
			children = (
				EC8896032D11E6080047D3A8 /* TouchDown.app */,
			);
			name = Products;
			sourceTree = "<group>";
		};
		EC8896052D11E6080047D3A8 /* TouchDown */ = {
			isa = PBXGroup;
			children = (
				EC8896242D11EA980047D3A8 /* Utility */,
				EC8896232D11EA8F0047D3A8 /* Extension */,
				EC8896222D11EA770047D3A8 /* Model */,
				EC88961F2D11EA500047D3A8 /* View */,
				EC88961D2D11E9700047D3A8 /* Info.plist */,
				EC88961C2D11E8F70047D3A8 /* Data */,
				EC88961E2D11EA440047D3A8 /* App */,
				EC88960A2D11E60F0047D3A8 /* Assets.xcassets */,
				EC88960C2D11E60F0047D3A8 /* Preview Content */,
			);
			path = TouchDown;
			sourceTree = "<group>";
		};
		EC88960C2D11E60F0047D3A8 /* Preview Content */ = {
			isa = PBXGroup;
			children = (
				EC88960D2D11E60F0047D3A8 /* Preview Assets.xcassets */,
			);
			path = "Preview Content";
			sourceTree = "<group>";
		};
		EC88961C2D11E8F70047D3A8 /* Data */ = {
			isa = PBXGroup;
			children = (
				EC8896162D11E8DA0047D3A8 /* brand.json */,
				EC8896142D11E8DA0047D3A8 /* category.json */,
				EC8896152D11E8DA0047D3A8 /* player.json */,
				EC8896172D11E8DA0047D3A8 /* product.json */,
			);
			path = Data;
			sourceTree = "<group>";
		};
		EC88961E2D11EA440047D3A8 /* App */ = {
			isa = PBXGroup;
			children = (
				EC8896062D11E6080047D3A8 /* TouchDownApp.swift */,
				EC8896082D11E6080047D3A8 /* ContentView.swift */,
			);
			path = App;
			sourceTree = "<group>";
		};
		EC88961F2D11EA500047D3A8 /* View */ = {
			isa = PBXGroup;
			children = (
				EC8896212D11EA660047D3A8 /* Detail */,
				EC8896202D11EA590047D3A8 /* Home */,
			);
			path = View;
			sourceTree = "<group>";
		};
		EC8896202D11EA590047D3A8 /* Home */ = {
			isa = PBXGroup;
			children = (
				EC5D8DD32D11EF3700BD9275 /* FooterNoteView.swift */,
				EC5D8DD52D11F4A500BD9275 /* NavigationBarView.swift */,
				EC7019652D17FF6F00545D62 /* LogoView.swift */,
			);
			path = Home;
			sourceTree = "<group>";
		};
		EC8896212D11EA660047D3A8 /* Detail */ = {
			isa = PBXGroup;
			children = (
			);
			path = Detail;
			sourceTree = "<group>";
		};
		EC8896222D11EA770047D3A8 /* Model */ = {
			isa = PBXGroup;
			children = (
				EC7019672D18049300545D62 /* PlayerModel.swift */,
			);
			path = Model;
			sourceTree = "<group>";
		};
		EC8896232D11EA8F0047D3A8 /* Extension */ = {
			isa = PBXGroup;
			children = (
				EC7019692D18051400545D62 /* CodableBundleExtension.swift */,
			);
			path = Extension;
			sourceTree = "<group>";
		};
		EC8896242D11EA980047D3A8 /* Utility */ = {
			isa = PBXGroup;
			children = (
				EC5D8DD12D11EDC400BD9275 /* Constants.swift */,
			);
			path = Utility;
			sourceTree = "<group>";
		};
/* End PBXGroup section */

/* Begin PBXNativeTarget section */
		EC8896022D11E6080047D3A8 /* TouchDown */ = {
			isa = PBXNativeTarget;
			buildConfigurationList = EC8896112D11E60F0047D3A8 /* Build configuration list for PBXNativeTarget "TouchDown" */;
			buildPhases = (
				EC8895FF2D11E6080047D3A8 /* Sources */,
				EC8896002D11E6080047D3A8 /* Frameworks */,
				EC8896012D11E6080047D3A8 /* Resources */,
			);
			buildRules = (
			);
			dependencies = (
			);
			name = TouchDown;
			productName = TouchDown;
			productReference = EC8896032D11E6080047D3A8 /* TouchDown.app */;
			productType = "com.apple.product-type.application";
		};
/* End PBXNativeTarget section */

/* Begin PBXProject section */
		EC8895FB2D11E6080047D3A8 /* Project object */ = {
			isa = PBXProject;
			attributes = {
				BuildIndependentTargetsInParallel = 1;
				LastSwiftUpdateCheck = 1420;
				LastUpgradeCheck = 1420;
				TargetAttributes = {
					EC8896022D11E6080047D3A8 = {
						CreatedOnToolsVersion = 14.2;
					};
				};
			};
			buildConfigurationList = EC8895FE2D11E6080047D3A8 /* Build configuration list for PBXProject "TouchDown" */;
			compatibilityVersion = "Xcode 14.0";
			developmentRegion = en;
			hasScannedForEncodings = 0;
			knownRegions = (
				en,
				Base,
			);
			mainGroup = EC8895FA2D11E6080047D3A8;
			productRefGroup = EC8896042D11E6080047D3A8 /* Products */;
			projectDirPath = "";
			projectRoot = "";
			targets = (
				EC8896022D11E6080047D3A8 /* TouchDown */,
			);
		};
/* End PBXProject section */

/* Begin PBXResourcesBuildPhase section */
		EC8896012D11E6080047D3A8 /* Resources */ = {
			isa = PBXResourcesBuildPhase;
			buildActionMask = 2147483647;
			files = (
				EC8896192D11E8DB0047D3A8 /* player.json in Resources */,
				EC88961A2D11E8DB0047D3A8 /* brand.json in Resources */,
				EC8896182D11E8DA0047D3A8 /* category.json in Resources */,
				EC88960E2D11E60F0047D3A8 /* Preview Assets.xcassets in Resources */,
				EC88960B2D11E60F0047D3A8 /* Assets.xcassets in Resources */,
				EC88961B2D11E8DB0047D3A8 /* product.json in Resources */,
			);
			runOnlyForDeploymentPostprocessing = 0;
		};
/* End PBXResourcesBuildPhase section */

/* Begin PBXSourcesBuildPhase section */
		EC8895FF2D11E6080047D3A8 /* Sources */ = {
			isa = PBXSourcesBuildPhase;
			buildActionMask = 2147483647;
			files = (
				EC70196A2D18051400545D62 /* CodableBundleExtension.swift in Sources */,
				EC8896092D11E6080047D3A8 /* ContentView.swift in Sources */,
				EC7019662D17FF6F00545D62 /* LogoView.swift in Sources */,
				EC8896072D11E6080047D3A8 /* TouchDownApp.swift in Sources */,
				EC5D8DD22D11EDC400BD9275 /* Constants.swift in Sources */,
				EC5D8DD42D11EF3700BD9275 /* FooterNoteView.swift in Sources */,
				EC5D8DD62D11F4A500BD9275 /* NavigationBarView.swift in Sources */,
				EC7019682D18049300545D62 /* PlayerModel.swift in Sources */,
			);
			runOnlyForDeploymentPostprocessing = 0;
		};
/* End PBXSourcesBuildPhase section */

/* Begin XCBuildConfiguration section */
		EC88960F2D11E60F0047D3A8 /* Debug */ = {
			isa = XCBuildConfiguration;
			buildSettings = {
				ALWAYS_SEARCH_USER_PATHS = NO;
				CLANG_ANALYZER_NONNULL = YES;
				CLANG_ANALYZER_NUMBER_OBJECT_CONVERSION = YES_AGGRESSIVE;
				CLANG_CXX_LANGUAGE_STANDARD = "gnu++20";
				CLANG_ENABLE_MODULES = YES;
				CLANG_ENABLE_OBJC_ARC = YES;
				CLANG_ENABLE_OBJC_WEAK = YES;
				CLANG_WARN_BLOCK_CAPTURE_AUTORELEASING = YES;
				CLANG_WARN_BOOL_CONVERSION = YES;
				CLANG_WARN_COMMA = YES;
				CLANG_WARN_CONSTANT_CONVERSION = YES;
				CLANG_WARN_DEPRECATED_OBJC_IMPLEMENTATIONS = YES;
				CLANG_WARN_DIRECT_OBJC_ISA_USAGE = YES_ERROR;
				CLANG_WARN_DOCUMENTATION_COMMENTS = YES;
				CLANG_WARN_EMPTY_BODY = YES;
				CLANG_WARN_ENUM_CONVERSION = YES;
				CLANG_WARN_INFINITE_RECURSION = YES;
				CLANG_WARN_INT_CONVERSION = YES;
				CLANG_WARN_NON_LITERAL_NULL_CONVERSION = YES;
				CLANG_WARN_OBJC_IMPLICIT_RETAIN_SELF = YES;
				CLANG_WARN_OBJC_LITERAL_CONVERSION = YES;
				CLANG_WARN_OBJC_ROOT_CLASS = YES_ERROR;
				CLANG_WARN_QUOTED_INCLUDE_IN_FRAMEWORK_HEADER = YES;
				CLANG_WARN_RANGE_LOOP_ANALYSIS = YES;
				CLANG_WARN_STRICT_PROTOTYPES = YES;
				CLANG_WARN_SUSPICIOUS_MOVE = YES;
				CLANG_WARN_UNGUARDED_AVAILABILITY = YES_AGGRESSIVE;
				CLANG_WARN_UNREACHABLE_CODE = YES;
				CLANG_WARN__DUPLICATE_METHOD_MATCH = YES;
				COPY_PHASE_STRIP = NO;
				DEBUG_INFORMATION_FORMAT = dwarf;
				ENABLE_STRICT_OBJC_MSGSEND = YES;
				ENABLE_TESTABILITY = YES;
				GCC_C_LANGUAGE_STANDARD = gnu11;
				GCC_DYNAMIC_NO_PIC = NO;
				GCC_NO_COMMON_BLOCKS = YES;
				GCC_OPTIMIZATION_LEVEL = 0;
				GCC_PREPROCESSOR_DEFINITIONS = (
					"DEBUG=1",
					"$(inherited)",
				);
				GCC_WARN_64_TO_32_BIT_CONVERSION = YES;
				GCC_WARN_ABOUT_RETURN_TYPE = YES_ERROR;
				GCC_WARN_UNDECLARED_SELECTOR = YES;
				GCC_WARN_UNINITIALIZED_AUTOS = YES_AGGRESSIVE;
				GCC_WARN_UNUSED_FUNCTION = YES;
				GCC_WARN_UNUSED_VARIABLE = YES;
				IPHONEOS_DEPLOYMENT_TARGET = 16.2;
				MTL_ENABLE_DEBUG_INFO = INCLUDE_SOURCE;
				MTL_FAST_MATH = YES;
				ONLY_ACTIVE_ARCH = YES;
				SDKROOT = iphoneos;
				SWIFT_ACTIVE_COMPILATION_CONDITIONS = DEBUG;
				SWIFT_OPTIMIZATION_LEVEL = "-Onone";
			};
			name = Debug;
		};
		EC8896102D11E60F0047D3A8 /* Release */ = {
			isa = XCBuildConfiguration;
			buildSettings = {
				ALWAYS_SEARCH_USER_PATHS = NO;
				CLANG_ANALYZER_NONNULL = YES;
				CLANG_ANALYZER_NUMBER_OBJECT_CONVERSION = YES_AGGRESSIVE;
				CLANG_CXX_LANGUAGE_STANDARD = "gnu++20";
				CLANG_ENABLE_MODULES = YES;
				CLANG_ENABLE_OBJC_ARC = YES;
				CLANG_ENABLE_OBJC_WEAK = YES;
				CLANG_WARN_BLOCK_CAPTURE_AUTORELEASING = YES;
				CLANG_WARN_BOOL_CONVERSION = YES;
				CLANG_WARN_COMMA = YES;
				CLANG_WARN_CONSTANT_CONVERSION = YES;
				CLANG_WARN_DEPRECATED_OBJC_IMPLEMENTATIONS = YES;
				CLANG_WARN_DIRECT_OBJC_ISA_USAGE = YES_ERROR;
				CLANG_WARN_DOCUMENTATION_COMMENTS = YES;
				CLANG_WARN_EMPTY_BODY = YES;
				CLANG_WARN_ENUM_CONVERSION = YES;
				CLANG_WARN_INFINITE_RECURSION = YES;
				CLANG_WARN_INT_CONVERSION = YES;
				CLANG_WARN_NON_LITERAL_NULL_CONVERSION = YES;
				CLANG_WARN_OBJC_IMPLICIT_RETAIN_SELF = YES;
				CLANG_WARN_OBJC_LITERAL_CONVERSION = YES;
				CLANG_WARN_OBJC_ROOT_CLASS = YES_ERROR;
				CLANG_WARN_QUOTED_INCLUDE_IN_FRAMEWORK_HEADER = YES;
				CLANG_WARN_RANGE_LOOP_ANALYSIS = YES;
				CLANG_WARN_STRICT_PROTOTYPES = YES;
				CLANG_WARN_SUSPICIOUS_MOVE = YES;
				CLANG_WARN_UNGUARDED_AVAILABILITY = YES_AGGRESSIVE;
				CLANG_WARN_UNREACHABLE_CODE = YES;
				CLANG_WARN__DUPLICATE_METHOD_MATCH = YES;
				COPY_PHASE_STRIP = NO;
				DEBUG_INFORMATION_FORMAT = "dwarf-with-dsym";
				ENABLE_NS_ASSERTIONS = NO;
				ENABLE_STRICT_OBJC_MSGSEND = YES;
				GCC_C_LANGUAGE_STANDARD = gnu11;
				GCC_NO_COMMON_BLOCKS = YES;
				GCC_WARN_64_TO_32_BIT_CONVERSION = YES;
				GCC_WARN_ABOUT_RETURN_TYPE = YES_ERROR;
				GCC_WARN_UNDECLARED_SELECTOR = YES;
				GCC_WARN_UNINITIALIZED_AUTOS = YES_AGGRESSIVE;
				GCC_WARN_UNUSED_FUNCTION = YES;
				GCC_WARN_UNUSED_VARIABLE = YES;
				IPHONEOS_DEPLOYMENT_TARGET = 16.2;
				MTL_ENABLE_DEBUG_INFO = NO;
				MTL_FAST_MATH = YES;
				SDKROOT = iphoneos;
				SWIFT_COMPILATION_MODE = wholemodule;
				SWIFT_OPTIMIZATION_LEVEL = "-O";
				VALIDATE_PRODUCT = YES;
			};
			name = Release;
		};
		EC8896122D11E60F0047D3A8 /* Debug */ = {
			isa = XCBuildConfiguration;
			buildSettings = {
				ASSETCATALOG_COMPILER_APPICON_NAME = AppIcon;
				ASSETCATALOG_COMPILER_GLOBAL_ACCENT_COLOR_NAME = AccentColor;
				CODE_SIGN_STYLE = Automatic;
				CURRENT_PROJECT_VERSION = 1;
				DEVELOPMENT_ASSET_PATHS = "\"TouchDown/Preview Content\"";
				DEVELOPMENT_TEAM = X47VY5BGC3;
				ENABLE_PREVIEWS = YES;
				GENERATE_INFOPLIST_FILE = YES;
				INFOPLIST_FILE = TouchDown/Info.plist;
				INFOPLIST_KEY_UIApplicationSceneManifest_Generation = YES;
				INFOPLIST_KEY_UIApplicationSupportsIndirectInputEvents = YES;
				INFOPLIST_KEY_UISupportedInterfaceOrientations = "UIInterfaceOrientationLandscapeLeft UIInterfaceOrientationLandscapeRight UIInterfaceOrientationPortrait";
				INFOPLIST_KEY_UISupportedInterfaceOrientations_iPad = UIInterfaceOrientationPortrait;
				INFOPLIST_KEY_UIUserInterfaceStyle = Light;
				LD_RUNPATH_SEARCH_PATHS = (
					"$(inherited)",
					"@executable_path/Frameworks",
				);
				MARKETING_VERSION = 1.0;
				PRODUCT_BUNDLE_IDENTIFIER = com.yogesh.TouchDown;
				PRODUCT_NAME = "$(TARGET_NAME)";
				SWIFT_EMIT_LOC_STRINGS = YES;
				SWIFT_VERSION = 5.0;
				TARGETED_DEVICE_FAMILY = "1,2";
			};
			name = Debug;
		};
		EC8896132D11E60F0047D3A8 /* Release */ = {
			isa = XCBuildConfiguration;
			buildSettings = {
				ASSETCATALOG_COMPILER_APPICON_NAME = AppIcon;
				ASSETCATALOG_COMPILER_GLOBAL_ACCENT_COLOR_NAME = AccentColor;
				CODE_SIGN_STYLE = Automatic;
				CURRENT_PROJECT_VERSION = 1;
				DEVELOPMENT_ASSET_PATHS = "\"TouchDown/Preview Content\"";
				DEVELOPMENT_TEAM = X47VY5BGC3;
				ENABLE_PREVIEWS = YES;
				GENERATE_INFOPLIST_FILE = YES;
				INFOPLIST_FILE = TouchDown/Info.plist;
				INFOPLIST_KEY_UIApplicationSceneManifest_Generation = YES;
				INFOPLIST_KEY_UIApplicationSupportsIndirectInputEvents = YES;
				INFOPLIST_KEY_UISupportedInterfaceOrientations = "UIInterfaceOrientationLandscapeLeft UIInterfaceOrientationLandscapeRight UIInterfaceOrientationPortrait";
				INFOPLIST_KEY_UISupportedInterfaceOrientations_iPad = UIInterfaceOrientationPortrait;
				INFOPLIST_KEY_UIUserInterfaceStyle = Light;
				LD_RUNPATH_SEARCH_PATHS = (
					"$(inherited)",
					"@executable_path/Frameworks",
				);
				MARKETING_VERSION = 1.0;
				PRODUCT_BUNDLE_IDENTIFIER = com.yogesh.TouchDown;
				PRODUCT_NAME = "$(TARGET_NAME)";
				SWIFT_EMIT_LOC_STRINGS = YES;
				SWIFT_VERSION = 5.0;
				TARGETED_DEVICE_FAMILY = "1,2";
			};
			name = Release;
		};
/* End XCBuildConfiguration section */

/* Begin XCConfigurationList section */
		EC8895FE2D11E6080047D3A8 /* Build configuration list for PBXProject "TouchDown" */ = {
			isa = XCConfigurationList;
			buildConfigurations = (
				EC88960F2D11E60F0047D3A8 /* Debug */,
				EC8896102D11E60F0047D3A8 /* Release */,
			);
			defaultConfigurationIsVisible = 0;
			defaultConfigurationName = Release;
		};
		EC8896112D11E60F0047D3A8 /* Build configuration list for PBXNativeTarget "TouchDown" */ = {
			isa = XCConfigurationList;
			buildConfigurations = (
				EC8896122D11E60F0047D3A8 /* Debug */,
				EC8896132D11E60F0047D3A8 /* Release */,
			);
			defaultConfigurationIsVisible = 0;
			defaultConfigurationName = Release;
		};
/* End XCConfigurationList section */
	};
	rootObject = EC8895FB2D11E6080047D3A8 /* Project object */;
}
